
Microsoft Visual Studio Solution File, Format Version 12.00
# Visual Studio Version 16
VisualStudioVersion = 16.0.29215.179
MinimumVisualStudioVersion = 10.0.40219.1
Project("{9A19103F-16F7-4668-BE54-9A1E7A4F7556}") = "RPLidar", "RPLidar\RPLidar.csproj", "{7ACCD7CA-DD26-42A2-91FD-3470D13C3280}"
EndProject
Project("{FAE04EC0-301F-11D3-BF4B-00C04F79EFBC}") = "Demo", "Demo\Demo.csproj", "{DA4EBDC6-A444-4E89-9622-609C5F717021}"
EndProject
Global
	GlobalSection(SolutionConfigurationPlatforms) = preSolution
		Debug|Any CPU = Debug|Any CPU
		Release|Any CPU = Release|Any CPU
	EndGlobalSection
	GlobalSection(ProjectConfigurationPlatforms) = postSolution
		{7ACCD7CA-DD26-42A2-91FD-3470D13C3280}.Debug|Any CPU.ActiveCfg = Debug|Any CPU
		{7ACCD7CA-DD26-42A2-91FD-3470D13C3280}.Debug|Any CPU.Build.0 = Debug|Any CPU
		{7ACCD7CA-DD26-42A2-91FD-3470D13C3280}.Release|Any CPU.ActiveCfg = Release|Any CPU
		{7ACCD7CA-DD26-42A2-91FD-3470D13C3280}.Release|Any CPU.Build.0 = Release|Any CPU
		{DA4EBDC6-A444-4E89-9622-609C5F717021}.Debug|Any CPU.ActiveCfg = Debug|Any CPU
		{DA4EBDC6-A444-4E89-9622-609C5F717021}.Debug|Any CPU.Build.0 = Debug|Any CPU
		{DA4EBDC6-A444-4E89-9622-609C5F717021}.Release|Any CPU.ActiveCfg = Release|Any CPU
		{DA4EBDC6-A444-4E89-9622-609C5F717021}.Release|Any CPU.Build.0 = Release|Any CPU
	EndGlobalSection
	GlobalSection(SolutionProperties) = preSolution
		HideSolutionNode = FALSE
	EndGlobalSection
	GlobalSection(ExtensibilityGlobals) = postSolution
		SolutionGuid = {92CAA17B-7F20-4098-AFBF-470EE75D1B1C}
	EndGlobalSection
EndGlobal
